
Microsoft Visual Studio Solution File, Format Version 12.00
# Visual Studio Version 17
VisualStudioVersion = 17.11.35327.3
MinimumVisualStudioVersion = 10.0.40219.1
Project("{FAE04EC0-301F-11D3-BF4B-00C04F79EFBC}") = "лб1", "лб1.csproj", "{4BAAEC00-D536-4831-948E-9B5C3F851606}"
EndProject
Global
	GlobalSection(SolutionConfigurationPlatforms) = preSolution
		Debug|Any CPU = Debug|Any CPU
		Release|Any CPU = Release|Any CPU
	EndGlobalSection
	GlobalSection(ProjectConfigurationPlatforms) = postSolution
		{4BAAEC00-D536-4831-948E-9B5C3F851606}.Debug|Any CPU.ActiveCfg = Debug|Any CPU
		{4BAAEC00-D536-4831-948E-9B5C3F851606}.Debug|Any CPU.Build.0 = Debug|Any CPU
		{4BAAEC00-D536-4831-948E-9B5C3F851606}.Release|Any CPU.ActiveCfg = Release|Any CPU
		{4BAAEC00-D536-4831-948E-9B5C3F851606}.Release|Any CPU.Build.0 = Release|Any CPU
	EndGlobalSection
	GlobalSection(SolutionProperties) = preSolution
		HideSolutionNode = FALSE
	EndGlobalSection
	GlobalSection(ExtensibilityGlobals) = postSolution
		SolutionGuid = {B3943A85-89AB-46CF-8E9B-20A4D9F2F78B}
	EndGlobalSection
EndGlobal
